
Microsoft Visual Studio Solution File, Format Version 12.00
# Visual Studio Version 16
VisualStudioVersion = 16.0.28803.202
MinimumVisualStudioVersion = 10.0.40219.1
Project("{FAE04EC0-301F-11D3-BF4B-00C04F79EFBC}") = "ChatClient", "ChatClient\ChatClient.csproj", "{0D24E330-6005-4F64-9AAB-1A5A5115D6AF}"
EndProject
Project("{9A19103F-16F7-4668-BE54-9A1E7A4F7556}") = "ChatServer", "ChatServer\ChatServer.csproj", "{1D1CB381-02C0-445F-9023-21FAD22FE7BC}"
EndProject
Global
	GlobalSection(SolutionConfigurationPlatforms) = preSolution
		Debug|Any CPU = Debug|Any CPU
		Release|Any CPU = Release|Any CPU
	EndGlobalSection
	GlobalSection(ProjectConfigurationPlatforms) = postSolution
		{0D24E330-6005-4F64-9AAB-1A5A5115D6AF}.Debug|Any CPU.ActiveCfg = Debug|Any CPU
		{0D24E330-6005-4F64-9AAB-1A5A5115D6AF}.Debug|Any CPU.Build.0 = Debug|Any CPU
		{0D24E330-6005-4F64-9AAB-1A5A5115D6AF}.Release|Any CPU.ActiveCfg = Release|Any CPU
		{0D24E330-6005-4F64-9AAB-1A5A5115D6AF}.Release|Any CPU.Build.0 = Release|Any CPU
		{1D1CB381-02C0-445F-9023-21FAD22FE7BC}.Debug|Any CPU.ActiveCfg = Debug|Any CPU
		{1D1CB381-02C0-445F-9023-21FAD22FE7BC}.Debug|Any CPU.Build.0 = Debug|Any CPU
		{1D1CB381-02C0-445F-9023-21FAD22FE7BC}.Release|Any CPU.ActiveCfg = Release|Any CPU
		{1D1CB381-02C0-445F-9023-21FAD22FE7BC}.Release|Any CPU.Build.0 = Release|Any CPU
	EndGlobalSection
	GlobalSection(SolutionProperties) = preSolution
		HideSolutionNode = FALSE
	EndGlobalSection
	GlobalSection(ExtensibilityGlobals) = postSolution
		SolutionGuid = {A3FDB025-CBC5-4399-B7E2-6A8C225B796C}
	EndGlobalSection
EndGlobal
